// !$*UTF8*$!
{
	archiveVersion = 1;
	classes = {
	};
	objectVersion = 53;
	objects = {

/* Begin PBXBuildFile section */
		181B62D72801CD9B0053F7D3 /* RestaurantCell.swift in Sources */ = {isa = PBXBuildFile; fileRef = 181B62D62801CD9B0053F7D3 /* RestaurantCell.swift */; };
		181B62D92801CDB80053F7D3 /* RestaurantTableView.swift in Sources */ = {isa = PBXBuildFile; fileRef = 181B62D82801CDB80053F7D3 /* RestaurantTableView.swift */; };
		181B62DB2801D27A0053F7D3 /* Restaurant.swift in Sources */ = {isa = PBXBuildFile; fileRef = 181B62DA2801D27A0053F7D3 /* Restaurant.swift */; };
		181B62DE2801DED50053F7D3 /* RestaurantCoreData.xcdatamodeld in Sources */ = {isa = PBXBuildFile; fileRef = 181B62DC2801DED50053F7D3 /* RestaurantCoreData.xcdatamodeld */; };
		181B62E02801F3070053F7D3 /* EditRestaurantViewController.swift in Sources */ = {isa = PBXBuildFile; fileRef = 181B62DF2801F3070053F7D3 /* EditRestaurantViewController.swift */; };
		1824F96D27DE7720001F8990 /* AppDelegate.swift in Sources */ = {isa = PBXBuildFile; fileRef = 1824F96C27DE7720001F8990 /* AppDelegate.swift */; };
		1824F96F27DE7720001F8990 /* SceneDelegate.swift in Sources */ = {isa = PBXBuildFile; fileRef = 1824F96E27DE7720001F8990 /* SceneDelegate.swift */; };
		1824F97127DE7720001F8990 /* AddRestaurantViewController.swift in Sources */ = {isa = PBXBuildFile; fileRef = 1824F97027DE7720001F8990 /* AddRestaurantViewController.swift */; };
		1824F97427DE7720001F8990 /* Main.storyboard in Resources */ = {isa = PBXBuildFile; fileRef = 1824F97227DE7720001F8990 /* Main.storyboard */; };
		1824F97627DE7721001F8990 /* Assets.xcassets in Resources */ = {isa = PBXBuildFile; fileRef = 1824F97527DE7721001F8990 /* Assets.xcassets */; };
		1824F97927DE7721001F8990 /* LaunchScreen.storyboard in Resources */ = {isa = PBXBuildFile; fileRef = 1824F97727DE7721001F8990 /* LaunchScreen.storyboard */; };
		1824F98127DE830B001F8990 /* DetailsViewController.swift in Sources */ = {isa = PBXBuildFile; fileRef = 1824F98027DE830B001F8990 /* DetailsViewController.swift */; };
		1878D6862805F4F2002F8C1A /* CoreGraphics.framework in Frameworks */ = {isa = PBXBuildFile; fileRef = 1878D6852805F4F2002F8C1A /* CoreGraphics.framework */; };
		1878D6882805F4F9002F8C1A /* CoreLocation.framework in Frameworks */ = {isa = PBXBuildFile; fileRef = 1878D6872805F4F9002F8C1A /* CoreLocation.framework */; };
		1878D68A2805F509002F8C1A /* libc++.tbd in Frameworks */ = {isa = PBXBuildFile; fileRef = 1878D6892805F509002F8C1A /* libc++.tbd */; };
		1878D68C2805F512002F8C1A /* libz.tbd in Frameworks */ = {isa = PBXBuildFile; fileRef = 1878D68B2805F512002F8C1A /* libz.tbd */; };
		1878D68E2805F519002F8C1A /* QuartzCore.framework in Frameworks */ = {isa = PBXBuildFile; fileRef = 1878D68D2805F519002F8C1A /* QuartzCore.framework */; };
		1878D6902805F522002F8C1A /* UIKit.framework in Frameworks */ = {isa = PBXBuildFile; fileRef = 1878D68F2805F522002F8C1A /* UIKit.framework */; };
		1878D692280603F0002F8C1A /* GooglePlaces.bundle in Resources */ = {isa = PBXBuildFile; fileRef = 1878D691280603F0002F8C1A /* GooglePlaces.bundle */; };
		1878D696280606EE002F8C1A /* GooglePlaces.framework in Frameworks */ = {isa = PBXBuildFile; fileRef = 1878D695280606EE002F8C1A /* GooglePlaces.framework */; };
		18F030112808E82F00592097 /* SearchRestaurantCell.swift in Sources */ = {isa = PBXBuildFile; fileRef = 18F0300F2808E82F00592097 /* SearchRestaurantCell.swift */; };
		18F030122808E82F00592097 /* SearchViewController.swift in Sources */ = {isa = PBXBuildFile; fileRef = 18F030102808E82F00592097 /* SearchViewController.swift */; };
		18F03017280B0D4A00592097 /* SwiftyJSON in Frameworks */ = {isa = PBXBuildFile; productRef = 18F03016280B0D4A00592097 /* SwiftyJSON */; };
		5C830A9D2809ED0900B474C4 /* zoomMap.swift in Sources */ = {isa = PBXBuildFile; fileRef = 5C830A9C2809ED0900B474C4 /* zoomMap.swift */; };
/* End PBXBuildFile section */

/* Begin PBXFileReference section */
		181B62D62801CD9B0053F7D3 /* RestaurantCell.swift */ = {isa = PBXFileReference; lastKnownFileType = sourcecode.swift; path = RestaurantCell.swift; sourceTree = "<group>"; };
		181B62D82801CDB80053F7D3 /* RestaurantTableView.swift */ = {isa = PBXFileReference; lastKnownFileType = sourcecode.swift; path = RestaurantTableView.swift; sourceTree = "<group>"; };
		181B62DA2801D27A0053F7D3 /* Restaurant.swift */ = {isa = PBXFileReference; lastKnownFileType = sourcecode.swift; path = Restaurant.swift; sourceTree = "<group>"; };
		181B62DD2801DED50053F7D3 /* RestaurantCoreData.xcdatamodel */ = {isa = PBXFileReference; lastKnownFileType = wrapper.xcdatamodel; path = RestaurantCoreData.xcdatamodel; sourceTree = "<group>"; };
		181B62DF2801F3070053F7D3 /* EditRestaurantViewController.swift */ = {isa = PBXFileReference; lastKnownFileType = sourcecode.swift; path = EditRestaurantViewController.swift; sourceTree = "<group>"; };
		1824F96927DE7720001F8990 /* RestaurantGuide.app */ = {isa = PBXFileReference; explicitFileType = wrapper.application; includeInIndex = 0; path = RestaurantGuide.app; sourceTree = BUILT_PRODUCTS_DIR; };
		1824F96C27DE7720001F8990 /* AppDelegate.swift */ = {isa = PBXFileReference; lastKnownFileType = sourcecode.swift; path = AppDelegate.swift; sourceTree = "<group>"; };
		1824F96E27DE7720001F8990 /* SceneDelegate.swift */ = {isa = PBXFileReference; lastKnownFileType = sourcecode.swift; path = SceneDelegate.swift; sourceTree = "<group>"; };
		1824F97027DE7720001F8990 /* AddRestaurantViewController.swift */ = {isa = PBXFileReference; lastKnownFileType = sourcecode.swift; path = AddRestaurantViewController.swift; sourceTree = "<group>"; };
		1824F97327DE7720001F8990 /* Base */ = {isa = PBXFileReference; lastKnownFileType = file.storyboard; name = Base; path = Base.lproj/Main.storyboard; sourceTree = "<group>"; };
		1824F97527DE7721001F8990 /* Assets.xcassets */ = {isa = PBXFileReference; lastKnownFileType = folder.assetcatalog; path = Assets.xcassets; sourceTree = "<group>"; };
		1824F97827DE7721001F8990 /* Base */ = {isa = PBXFileReference; lastKnownFileType = file.storyboard; name = Base; path = Base.lproj/LaunchScreen.storyboard; sourceTree = "<group>"; };
		1824F97A27DE7721001F8990 /* Info.plist */ = {isa = PBXFileReference; lastKnownFileType = text.plist.xml; path = Info.plist; sourceTree = "<group>"; };
		1824F98027DE830B001F8990 /* DetailsViewController.swift */ = {isa = PBXFileReference; lastKnownFileType = sourcecode.swift; path = DetailsViewController.swift; sourceTree = "<group>"; };
		1878D6852805F4F2002F8C1A /* CoreGraphics.framework */ = {isa = PBXFileReference; lastKnownFileType = wrapper.framework; name = CoreGraphics.framework; path = System/Library/Frameworks/CoreGraphics.framework; sourceTree = SDKROOT; };
		1878D6872805F4F9002F8C1A /* CoreLocation.framework */ = {isa = PBXFileReference; lastKnownFileType = wrapper.framework; name = CoreLocation.framework; path = System/Library/Frameworks/CoreLocation.framework; sourceTree = SDKROOT; };
		1878D6892805F509002F8C1A /* libc++.tbd */ = {isa = PBXFileReference; lastKnownFileType = "sourcecode.text-based-dylib-definition"; name = "libc++.tbd"; path = "usr/lib/libc++.tbd"; sourceTree = SDKROOT; };
		1878D68B2805F512002F8C1A /* libz.tbd */ = {isa = PBXFileReference; lastKnownFileType = "sourcecode.text-based-dylib-definition"; name = libz.tbd; path = usr/lib/libz.tbd; sourceTree = SDKROOT; };
		1878D68D2805F519002F8C1A /* QuartzCore.framework */ = {isa = PBXFileReference; lastKnownFileType = wrapper.framework; name = QuartzCore.framework; path = System/Library/Frameworks/QuartzCore.framework; sourceTree = SDKROOT; };
		1878D68F2805F522002F8C1A /* UIKit.framework */ = {isa = PBXFileReference; lastKnownFileType = wrapper.framework; name = UIKit.framework; path = System/Library/Frameworks/UIKit.framework; sourceTree = SDKROOT; };
		1878D691280603F0002F8C1A /* GooglePlaces.bundle */ = {isa = PBXFileReference; lastKnownFileType = "wrapper.plug-in"; path = GooglePlaces.bundle; sourceTree = "<group>"; };
		1878D695280606EE002F8C1A /* GooglePlaces.framework */ = {isa = PBXFileReference; lastKnownFileType = wrapper.framework; path = GooglePlaces.framework; sourceTree = "<group>"; };
		18F0300F2808E82F00592097 /* SearchRestaurantCell.swift */ = {isa = PBXFileReference; fileEncoding = 4; lastKnownFileType = sourcecode.swift; path = SearchRestaurantCell.swift; sourceTree = "<group>"; };
		18F030102808E82F00592097 /* SearchViewController.swift */ = {isa = PBXFileReference; fileEncoding = 4; lastKnownFileType = sourcecode.swift; path = SearchViewController.swift; sourceTree = "<group>"; };
		5C830A9C2809ED0900B474C4 /* zoomMap.swift */ = {isa = PBXFileReference; lastKnownFileType = sourcecode.swift; path = zoomMap.swift; sourceTree = "<group>"; };
/* End PBXFileReference section */

/* Begin PBXFrameworksBuildPhase section */
		1824F96627DE7720001F8990 /* Frameworks */ = {
			isa = PBXFrameworksBuildPhase;
			buildActionMask = 2147483647;
			files = (
				1878D6862805F4F2002F8C1A /* CoreGraphics.framework in Frameworks */,
				1878D6882805F4F9002F8C1A /* CoreLocation.framework in Frameworks */,
				18F03017280B0D4A00592097 /* SwiftyJSON in Frameworks */,
				1878D68A2805F509002F8C1A /* libc++.tbd in Frameworks */,
				1878D68C2805F512002F8C1A /* libz.tbd in Frameworks */,
				1878D68E2805F519002F8C1A /* QuartzCore.framework in Frameworks */,
				1878D696280606EE002F8C1A /* GooglePlaces.framework in Frameworks */,
				1878D6902805F522002F8C1A /* UIKit.framework in Frameworks */,
			);
			runOnlyForDeploymentPostprocessing = 0;
		};
/* End PBXFrameworksBuildPhase section */

/* Begin PBXGroup section */
		1824F96027DE7720001F8990 = {
			isa = PBXGroup;
			children = (
				1824F96B27DE7720001F8990 /* RestaurantGuide */,
				1824F96A27DE7720001F8990 /* Products */,
				1878D6842805F4F2002F8C1A /* Frameworks */,
			);
			sourceTree = "<group>";
		};
		1824F96A27DE7720001F8990 /* Products */ = {
			isa = PBXGroup;
			children = (
				1824F96927DE7720001F8990 /* RestaurantGuide.app */,
			);
			name = Products;
			sourceTree = "<group>";
		};
		1824F96B27DE7720001F8990 /* RestaurantGuide */ = {
			isa = PBXGroup;
			children = (
				18F0300F2808E82F00592097 /* SearchRestaurantCell.swift */,
				18F030102808E82F00592097 /* SearchViewController.swift */,
				1878D695280606EE002F8C1A /* GooglePlaces.framework */,
				1878D691280603F0002F8C1A /* GooglePlaces.bundle */,
				1824F96C27DE7720001F8990 /* AppDelegate.swift */,
				1824F96E27DE7720001F8990 /* SceneDelegate.swift */,
				1824F97027DE7720001F8990 /* AddRestaurantViewController.swift */,
				1824F98027DE830B001F8990 /* DetailsViewController.swift */,
				5C830A9C2809ED0900B474C4 /* zoomMap.swift */,
				1824F97227DE7720001F8990 /* Main.storyboard */,
				1824F97527DE7721001F8990 /* Assets.xcassets */,
				1824F97727DE7721001F8990 /* LaunchScreen.storyboard */,
				1824F97A27DE7721001F8990 /* Info.plist */,
				181B62DA2801D27A0053F7D3 /* Restaurant.swift */,
				181B62D62801CD9B0053F7D3 /* RestaurantCell.swift */,
				181B62D82801CDB80053F7D3 /* RestaurantTableView.swift */,
				181B62DC2801DED50053F7D3 /* RestaurantCoreData.xcdatamodeld */,
				181B62DF2801F3070053F7D3 /* EditRestaurantViewController.swift */,
			);
			path = RestaurantGuide;
			sourceTree = "<group>";
		};
		1878D6842805F4F2002F8C1A /* Frameworks */ = {
			isa = PBXGroup;
			children = (
				1878D68F2805F522002F8C1A /* UIKit.framework */,
				1878D68D2805F519002F8C1A /* QuartzCore.framework */,
				1878D68B2805F512002F8C1A /* libz.tbd */,
				1878D6892805F509002F8C1A /* libc++.tbd */,
				1878D6872805F4F9002F8C1A /* CoreLocation.framework */,
				1878D6852805F4F2002F8C1A /* CoreGraphics.framework */,
			);
			name = Frameworks;
			sourceTree = "<group>";
		};
/* End PBXGroup section */

/* Begin PBXNativeTarget section */
		1824F96827DE7720001F8990 /* RestaurantGuide */ = {
			isa = PBXNativeTarget;
			buildConfigurationList = 1824F97D27DE7721001F8990 /* Build configuration list for PBXNativeTarget "RestaurantGuide" */;
			buildPhases = (
				1824F96527DE7720001F8990 /* Sources */,
				1824F96627DE7720001F8990 /* Frameworks */,
				1824F96727DE7720001F8990 /* Resources */,
			);
			buildRules = (
			);
			dependencies = (
			);
			name = RestaurantGuide;
			packageProductDependencies = (
				18F03016280B0D4A00592097 /* SwiftyJSON */,
			);
			productName = RestaurantGuide;
			productReference = 1824F96927DE7720001F8990 /* RestaurantGuide.app */;
			productType = "com.apple.product-type.application";
		};
/* End PBXNativeTarget section */

/* Begin PBXProject section */
		1824F96127DE7720001F8990 /* Project object */ = {
			isa = PBXProject;
			attributes = {
				BuildIndependentTargetsInParallel = 1;
				LastSwiftUpdateCheck = 1320;
				LastUpgradeCheck = 1320;
				TargetAttributes = {
					1824F96827DE7720001F8990 = {
						CreatedOnToolsVersion = 13.2.1;
					};
				};
			};
			buildConfigurationList = 1824F96427DE7720001F8990 /* Build configuration list for PBXProject "RestaurantGuide" */;
			compatibilityVersion = "Xcode 10.0";
			developmentRegion = en;
			hasScannedForEncodings = 0;
			knownRegions = (
				en,
				Base,
			);
			mainGroup = 1824F96027DE7720001F8990;
			packageReferences = (
				18F03015280B0D4A00592097 /* XCRemoteSwiftPackageReference "SwiftyJSON" */,
			);
			productRefGroup = 1824F96A27DE7720001F8990 /* Products */;
			projectDirPath = "";
			projectRoot = "";
			targets = (
				1824F96827DE7720001F8990 /* RestaurantGuide */,
			);
		};
/* End PBXProject section */

/* Begin PBXResourcesBuildPhase section */
		1824F96727DE7720001F8990 /* Resources */ = {
			isa = PBXResourcesBuildPhase;
			buildActionMask = 2147483647;
			files = (
				1878D692280603F0002F8C1A /* GooglePlaces.bundle in Resources */,
				1824F97927DE7721001F8990 /* LaunchScreen.storyboard in Resources */,
				1824F97627DE7721001F8990 /* Assets.xcassets in Resources */,
				1824F97427DE7720001F8990 /* Main.storyboard in Resources */,
			);
			runOnlyForDeploymentPostprocessing = 0;
		};
/* End PBXResourcesBuildPhase section */

/* Begin PBXSourcesBuildPhase section */
		1824F96527DE7720001F8990 /* Sources */ = {
			isa = PBXSourcesBuildPhase;
			buildActionMask = 2147483647;
			files = (
				18F030112808E82F00592097 /* SearchRestaurantCell.swift in Sources */,
				18F030122808E82F00592097 /* SearchViewController.swift in Sources */,
				181B62D72801CD9B0053F7D3 /* RestaurantCell.swift in Sources */,
				1824F97127DE7720001F8990 /* AddRestaurantViewController.swift in Sources */,
				1824F96D27DE7720001F8990 /* AppDelegate.swift in Sources */,
				181B62DE2801DED50053F7D3 /* RestaurantCoreData.xcdatamodeld in Sources */,
				181B62DB2801D27A0053F7D3 /* Restaurant.swift in Sources */,
				5C830A9D2809ED0900B474C4 /* zoomMap.swift in Sources */,
				181B62E02801F3070053F7D3 /* EditRestaurantViewController.swift in Sources */,
				1824F96F27DE7720001F8990 /* SceneDelegate.swift in Sources */,
				181B62D92801CDB80053F7D3 /* RestaurantTableView.swift in Sources */,
				1824F98127DE830B001F8990 /* DetailsViewController.swift in Sources */,
			);
			runOnlyForDeploymentPostprocessing = 0;
		};
/* End PBXSourcesBuildPhase section */

/* Begin PBXVariantGroup section */
		1824F97227DE7720001F8990 /* Main.storyboard */ = {
			isa = PBXVariantGroup;
			children = (
				1824F97327DE7720001F8990 /* Base */,
			);
			name = Main.storyboard;
			sourceTree = "<group>";
		};
		1824F97727DE7721001F8990 /* LaunchScreen.storyboard */ = {
			isa = PBXVariantGroup;
			children = (
				1824F97827DE7721001F8990 /* Base */,
			);
			name = LaunchScreen.storyboard;
			sourceTree = "<group>";
		};
/* End PBXVariantGroup section */

/* Begin XCBuildConfiguration section */
		1824F97B27DE7721001F8990 /* Debug */ = {
			isa = XCBuildConfiguration;
			buildSettings = {
				ALWAYS_SEARCH_USER_PATHS = NO;
				CLANG_ANALYZER_NONNULL = YES;
				CLANG_ANALYZER_NUMBER_OBJECT_CONVERSION = YES_AGGRESSIVE;
				CLANG_CXX_LANGUAGE_STANDARD = "gnu++17";
				CLANG_CXX_LIBRARY = "libc++";
				CLANG_ENABLE_MODULES = YES;
				CLANG_ENABLE_OBJC_ARC = YES;
				CLANG_ENABLE_OBJC_WEAK = YES;
				CLANG_WARN_BLOCK_CAPTURE_AUTORELEASING = YES;
				CLANG_WARN_BOOL_CONVERSION = YES;
				CLANG_WARN_COMMA = YES;
				CLANG_WARN_CONSTANT_CONVERSION = YES;
				CLANG_WARN_DEPRECATED_OBJC_IMPLEMENTATIONS = YES;
				CLANG_WARN_DIRECT_OBJC_ISA_USAGE = YES_ERROR;
				CLANG_WARN_DOCUMENTATION_COMMENTS = YES;
				CLANG_WARN_EMPTY_BODY = YES;
				CLANG_WARN_ENUM_CONVERSION = YES;
				CLANG_WARN_INFINITE_RECURSION = YES;
				CLANG_WARN_INT_CONVERSION = YES;
				CLANG_WARN_NON_LITERAL_NULL_CONVERSION = YES;
				CLANG_WARN_OBJC_IMPLICIT_RETAIN_SELF = YES;
				CLANG_WARN_OBJC_LITERAL_CONVERSION = YES;
				CLANG_WARN_OBJC_ROOT_CLASS = YES_ERROR;
				CLANG_WARN_QUOTED_INCLUDE_IN_FRAMEWORK_HEADER = YES;
				CLANG_WARN_RANGE_LOOP_ANALYSIS = YES;
				CLANG_WARN_STRICT_PROTOTYPES = YES;
				CLANG_WARN_SUSPICIOUS_MOVE = YES;
				CLANG_WARN_UNGUARDED_AVAILABILITY = YES_AGGRESSIVE;
				CLANG_WARN_UNREACHABLE_CODE = YES;
				CLANG_WARN__DUPLICATE_METHOD_MATCH = YES;
				COPY_PHASE_STRIP = NO;
				DEBUG_INFORMATION_FORMAT = dwarf;
				ENABLE_STRICT_OBJC_MSGSEND = YES;
				ENABLE_TESTABILITY = YES;
				GCC_C_LANGUAGE_STANDARD = gnu11;
				GCC_DYNAMIC_NO_PIC = NO;
				GCC_NO_COMMON_BLOCKS = YES;
				GCC_OPTIMIZATION_LEVEL = 0;
				GCC_PREPROCESSOR_DEFINITIONS = (
					"DEBUG=1",
					"$(inherited)",
				);
				GCC_WARN_64_TO_32_BIT_CONVERSION = YES;
				GCC_WARN_ABOUT_RETURN_TYPE = YES_ERROR;
				GCC_WARN_UNDECLARED_SELECTOR = YES;
				GCC_WARN_UNINITIALIZED_AUTOS = YES_AGGRESSIVE;
				GCC_WARN_UNUSED_FUNCTION = YES;
				GCC_WARN_UNUSED_VARIABLE = YES;
				IPHONEOS_DEPLOYMENT_TARGET = 15.2;
				MTL_ENABLE_DEBUG_INFO = INCLUDE_SOURCE;
				MTL_FAST_MATH = YES;
				ONLY_ACTIVE_ARCH = YES;
				OTHER_LDFLAGS = "-ObjC";
				SDKROOT = iphoneos;
				SWIFT_ACTIVE_COMPILATION_CONDITIONS = DEBUG;
				SWIFT_OPTIMIZATION_LEVEL = "-Onone";
			};
			name = Debug;
		};
		1824F97C27DE7721001F8990 /* Release */ = {
			isa = XCBuildConfiguration;
			buildSettings = {
				ALWAYS_SEARCH_USER_PATHS = NO;
				CLANG_ANALYZER_NONNULL = YES;
				CLANG_ANALYZER_NUMBER_OBJECT_CONVERSION = YES_AGGRESSIVE;
				CLANG_CXX_LANGUAGE_STANDARD = "gnu++17";
				CLANG_CXX_LIBRARY = "libc++";
				CLANG_ENABLE_MODULES = YES;
				CLANG_ENABLE_OBJC_ARC = YES;
				CLANG_ENABLE_OBJC_WEAK = YES;
				CLANG_WARN_BLOCK_CAPTURE_AUTORELEASING = YES;
				CLANG_WARN_BOOL_CONVERSION = YES;
				CLANG_WARN_COMMA = YES;
				CLANG_WARN_CONSTANT_CONVERSION = YES;
				CLANG_WARN_DEPRECATED_OBJC_IMPLEMENTATIONS = YES;
				CLANG_WARN_DIRECT_OBJC_ISA_USAGE = YES_ERROR;
				CLANG_WARN_DOCUMENTATION_COMMENTS = YES;
				CLANG_WARN_EMPTY_BODY = YES;
				CLANG_WARN_ENUM_CONVERSION = YES;
				CLANG_WARN_INFINITE_RECURSION = YES;
				CLANG_WARN_INT_CONVERSION = YES;
				CLANG_WARN_NON_LITERAL_NULL_CONVERSION = YES;
				CLANG_WARN_OBJC_IMPLICIT_RETAIN_SELF = YES;
				CLANG_WARN_OBJC_LITERAL_CONVERSION = YES;
				CLANG_WARN_OBJC_ROOT_CLASS = YES_ERROR;
				CLANG_WARN_QUOTED_INCLUDE_IN_FRAMEWORK_HEADER = YES;
				CLANG_WARN_RANGE_LOOP_ANALYSIS = YES;
				CLANG_WARN_STRICT_PROTOTYPES = YES;
				CLANG_WARN_SUSPICIOUS_MOVE = YES;
				CLANG_WARN_UNGUARDED_AVAILABILITY = YES_AGGRESSIVE;
				CLANG_WARN_UNREACHABLE_CODE = YES;
				CLANG_WARN__DUPLICATE_METHOD_MATCH = YES;
				COPY_PHASE_STRIP = NO;
				DEBUG_INFORMATION_FORMAT = "dwarf-with-dsym";
				ENABLE_NS_ASSERTIONS = NO;
				ENABLE_STRICT_OBJC_MSGSEND = YES;
				GCC_C_LANGUAGE_STANDARD = gnu11;
				GCC_NO_COMMON_BLOCKS = YES;
				GCC_WARN_64_TO_32_BIT_CONVERSION = YES;
				GCC_WARN_ABOUT_RETURN_TYPE = YES_ERROR;
				GCC_WARN_UNDECLARED_SELECTOR = YES;
				GCC_WARN_UNINITIALIZED_AUTOS = YES_AGGRESSIVE;
				GCC_WARN_UNUSED_FUNCTION = YES;
				GCC_WARN_UNUSED_VARIABLE = YES;
				IPHONEOS_DEPLOYMENT_TARGET = 15.2;
				MTL_ENABLE_DEBUG_INFO = NO;
				MTL_FAST_MATH = YES;
				OTHER_LDFLAGS = "-ObjC";
				SDKROOT = iphoneos;
				SWIFT_COMPILATION_MODE = wholemodule;
				SWIFT_OPTIMIZATION_LEVEL = "-O";
				VALIDATE_PRODUCT = YES;
			};
			name = Release;
		};
		1824F97E27DE7721001F8990 /* Debug */ = {
			isa = XCBuildConfiguration;
			buildSettings = {
				ASSETCATALOG_COMPILER_APPICON_NAME = AppIcon;
				ASSETCATALOG_COMPILER_GLOBAL_ACCENT_COLOR_NAME = AccentColor;
				CODE_SIGN_STYLE = Automatic;
				CURRENT_PROJECT_VERSION = 1;
				"EXCLUDED_ARCHS[sdk=*]" = arm64;
				FRAMEWORK_SEARCH_PATHS = (
					"$(inherited)",
					"$(PROJECT_DIR)/RestaurantGuide/Frameworks",
					"$(PROJECT_DIR)/RestaurantGuide",
				);
				GENERATE_INFOPLIST_FILE = YES;
				INFOPLIST_FILE = RestaurantGuide/Info.plist;
				INFOPLIST_KEY_NSLocationWhenInUseUsageDescription = "Used to autofill the start/end location.";
				INFOPLIST_KEY_UIApplicationSupportsIndirectInputEvents = YES;
				INFOPLIST_KEY_UILaunchStoryboardName = LaunchScreen;
				INFOPLIST_KEY_UIMainStoryboardFile = Main;
				INFOPLIST_KEY_UISupportedInterfaceOrientations_iPad = "UIInterfaceOrientationPortrait UIInterfaceOrientationPortraitUpsideDown UIInterfaceOrientationLandscapeLeft UIInterfaceOrientationLandscapeRight";
				INFOPLIST_KEY_UISupportedInterfaceOrientations_iPhone = "UIInterfaceOrientationPortrait UIInterfaceOrientationLandscapeLeft UIInterfaceOrientationLandscapeRight";
				LD_RUNPATH_SEARCH_PATHS = (
					"$(inherited)",
					"@executable_path/Frameworks",
				);
				MARKETING_VERSION = 1.0;
				PRODUCT_BUNDLE_IDENTIFIER = ca.gbc.comp3097.RestaurantGuide;
				PRODUCT_NAME = "$(TARGET_NAME)";
				SWIFT_EMIT_LOC_STRINGS = YES;
				SWIFT_VERSION = 5.0;
				TARGETED_DEVICE_FAMILY = "1,2";
			};
			name = Debug;
		};
		1824F97F27DE7721001F8990 /* Release */ = {
			isa = XCBuildConfiguration;
			buildSettings = {
				ASSETCATALOG_COMPILER_APPICON_NAME = AppIcon;
				ASSETCATALOG_COMPILER_GLOBAL_ACCENT_COLOR_NAME = AccentColor;
				CODE_SIGN_STYLE = Automatic;
				CURRENT_PROJECT_VERSION = 1;
				"EXCLUDED_ARCHS[sdk=*]" = arm64;
				FRAMEWORK_SEARCH_PATHS = (
					"$(inherited)",
					"$(PROJECT_DIR)/RestaurantGuide/Frameworks",
					"$(PROJECT_DIR)/RestaurantGuide",
				);
				GENERATE_INFOPLIST_FILE = YES;
				INFOPLIST_FILE = RestaurantGuide/Info.plist;
				INFOPLIST_KEY_NSLocationWhenInUseUsageDescription = "Used to autofill the start/end location.";
				INFOPLIST_KEY_UIApplicationSupportsIndirectInputEvents = YES;
				INFOPLIST_KEY_UILaunchStoryboardName = LaunchScreen;
				INFOPLIST_KEY_UIMainStoryboardFile = Main;
				INFOPLIST_KEY_UISupportedInterfaceOrientations_iPad = "UIInterfaceOrientationPortrait UIInterfaceOrientationPortraitUpsideDown UIInterfaceOrientationLandscapeLeft UIInterfaceOrientationLandscapeRight";
				INFOPLIST_KEY_UISupportedInterfaceOrientations_iPhone = "UIInterfaceOrientationPortrait UIInterfaceOrientationLandscapeLeft UIInterfaceOrientationLandscapeRight";
				LD_RUNPATH_SEARCH_PATHS = (
					"$(inherited)",
					"@executable_path/Frameworks",
				);
				MARKETING_VERSION = 1.0;
				PRODUCT_BUNDLE_IDENTIFIER = ca.gbc.comp3097.RestaurantGuide;
				PRODUCT_NAME = "$(TARGET_NAME)";
				SWIFT_EMIT_LOC_STRINGS = YES;
				SWIFT_VERSION = 5.0;
				TARGETED_DEVICE_FAMILY = "1,2";
			};
			name = Release;
		};
/* End XCBuildConfiguration section */

/* Begin XCConfigurationList section */
		1824F96427DE7720001F8990 /* Build configuration list for PBXProject "RestaurantGuide" */ = {
			isa = XCConfigurationList;
			buildConfigurations = (
				1824F97B27DE7721001F8990 /* Debug */,
				1824F97C27DE7721001F8990 /* Release */,
			);
			defaultConfigurationIsVisible = 0;
			defaultConfigurationName = Release;
		};
		1824F97D27DE7721001F8990 /* Build configuration list for PBXNativeTarget "RestaurantGuide" */ = {
			isa = XCConfigurationList;
			buildConfigurations = (
				1824F97E27DE7721001F8990 /* Debug */,
				1824F97F27DE7721001F8990 /* Release */,
			);
			defaultConfigurationIsVisible = 0;
			defaultConfigurationName = Release;
		};
/* End XCConfigurationList section */

/* Begin XCRemoteSwiftPackageReference section */
		18F03015280B0D4A00592097 /* XCRemoteSwiftPackageReference "SwiftyJSON" */ = {
			isa = XCRemoteSwiftPackageReference;
			repositoryURL = "https://github.com/SwiftyJSON/SwiftyJSON";
			requirement = {
				kind = upToNextMajorVersion;
				minimumVersion = 5.0.0;
			};
		};
/* End XCRemoteSwiftPackageReference section */

/* Begin XCSwiftPackageProductDependency section */
		18F03016280B0D4A00592097 /* SwiftyJSON */ = {
			isa = XCSwiftPackageProductDependency;
			package = 18F03015280B0D4A00592097 /* XCRemoteSwiftPackageReference "SwiftyJSON" */;
			productName = SwiftyJSON;
		};
/* End XCSwiftPackageProductDependency section */

/* Begin XCVersionGroup section */
		181B62DC2801DED50053F7D3 /* RestaurantCoreData.xcdatamodeld */ = {
			isa = XCVersionGroup;
			children = (
				181B62DD2801DED50053F7D3 /* RestaurantCoreData.xcdatamodel */,
			);
			currentVersion = 181B62DD2801DED50053F7D3 /* RestaurantCoreData.xcdatamodel */;
			path = RestaurantCoreData.xcdatamodeld;
			sourceTree = "<group>";
			versionGroupType = wrapper.xcdatamodel;
		};
/* End XCVersionGroup section */
	};
	rootObject = 1824F96127DE7720001F8990 /* Project object */;
}
